
Microsoft Visual Studio Solution File, Format Version 12.00
# Visual Studio Version 17
VisualStudioVersion = 17.0.31903.59
MinimumVisualStudioVersion = 10.0.40219.1
Project("{2150E333-8FDC-42A3-9474-1A3956D46DE8}") = "Chapter1", "Chapter1", "{6E26EB58-F44D-4423-A06C-B6784D3928F6}"
EndProject
Project("{FAE04EC0-301F-11D3-BF4B-00C04F79EFBC}") = "BackgroundPing", "Chapter1\BackgroundPing\BackgroundPing.csproj", "{B7D091DF-AACF-4A9D-9371-3E247D29299D}"
EndProject
Project("{FAE04EC0-301F-11D3-BF4B-00C04F79EFBC}") = "SyncDataAcrossThreads", "Chapter1\SyncDataAcrossThreads\SyncDataAcrossThreads.csproj", "{1A2436E5-616A-45F4-BDF3-F0A1DA70B0F5}"
EndProject
Project("{2150E333-8FDC-42A3-9474-1A3956D46DE8}") = "Chapter2", "Chapter2", "{746E13D4-AB00-457B-AD12-23A6EF89E80E}"
EndProject
Project("{FAE04EC0-301F-11D3-BF4B-00C04F79EFBC}") = "ThreadPools", "Chapter2\ThreadPools\ThreadPools.csproj", "{A51E5D9F-A149-4913-8DA0-0596CF51197C}"
EndProject
Project("{FAE04EC0-301F-11D3-BF4B-00C04F79EFBC}") = "Parallelism", "Chapter2\Parallelism\Parallelism.csproj", "{EDC00BC3-9793-4844-9696-955FDF99FBFE}"
EndProject
Project("{FAE04EC0-301F-11D3-BF4B-00C04F79EFBC}") = "AsyncAwait", "Chapter2\AsyncAwait\AsyncAwait.csproj", "{F73E2C94-516D-46A3-9806-5B0B370F7FFE}"
EndProject
Project("{2150E333-8FDC-42A3-9474-1A3956D46DE8}") = "Chapter6", "Chapter6", "{02BB1097-435D-4E8A-96D8-35F2B1B4489E}"
EndProject
Project("{FAE04EC0-301F-11D3-BF4B-00C04F79EFBC}") = "ParallelLoops", "Chapter6\ParallelLoops\ParallelLoops.csproj", "{AD65B574-BF18-4826-82AF-C8377C9AEB7D}"
EndProject
Global
	GlobalSection(SolutionConfigurationPlatforms) = preSolution
		Debug|Any CPU = Debug|Any CPU
		Release|Any CPU = Release|Any CPU
	EndGlobalSection
	GlobalSection(SolutionProperties) = preSolution
		HideSolutionNode = FALSE
	EndGlobalSection
	GlobalSection(ProjectConfigurationPlatforms) = postSolution
		{B7D091DF-AACF-4A9D-9371-3E247D29299D}.Debug|Any CPU.ActiveCfg = Debug|Any CPU
		{B7D091DF-AACF-4A9D-9371-3E247D29299D}.Debug|Any CPU.Build.0 = Debug|Any CPU
		{B7D091DF-AACF-4A9D-9371-3E247D29299D}.Release|Any CPU.ActiveCfg = Release|Any CPU
		{B7D091DF-AACF-4A9D-9371-3E247D29299D}.Release|Any CPU.Build.0 = Release|Any CPU
		{1A2436E5-616A-45F4-BDF3-F0A1DA70B0F5}.Debug|Any CPU.ActiveCfg = Debug|Any CPU
		{1A2436E5-616A-45F4-BDF3-F0A1DA70B0F5}.Debug|Any CPU.Build.0 = Debug|Any CPU
		{1A2436E5-616A-45F4-BDF3-F0A1DA70B0F5}.Release|Any CPU.ActiveCfg = Release|Any CPU
		{1A2436E5-616A-45F4-BDF3-F0A1DA70B0F5}.Release|Any CPU.Build.0 = Release|Any CPU
		{A51E5D9F-A149-4913-8DA0-0596CF51197C}.Debug|Any CPU.ActiveCfg = Debug|Any CPU
		{A51E5D9F-A149-4913-8DA0-0596CF51197C}.Debug|Any CPU.Build.0 = Debug|Any CPU
		{A51E5D9F-A149-4913-8DA0-0596CF51197C}.Release|Any CPU.ActiveCfg = Release|Any CPU
		{A51E5D9F-A149-4913-8DA0-0596CF51197C}.Release|Any CPU.Build.0 = Release|Any CPU
		{EDC00BC3-9793-4844-9696-955FDF99FBFE}.Debug|Any CPU.ActiveCfg = Debug|Any CPU
		{EDC00BC3-9793-4844-9696-955FDF99FBFE}.Debug|Any CPU.Build.0 = Debug|Any CPU
		{EDC00BC3-9793-4844-9696-955FDF99FBFE}.Release|Any CPU.ActiveCfg = Release|Any CPU
		{EDC00BC3-9793-4844-9696-955FDF99FBFE}.Release|Any CPU.Build.0 = Release|Any CPU
		{F73E2C94-516D-46A3-9806-5B0B370F7FFE}.Debug|Any CPU.ActiveCfg = Debug|Any CPU
		{F73E2C94-516D-46A3-9806-5B0B370F7FFE}.Debug|Any CPU.Build.0 = Debug|Any CPU
		{F73E2C94-516D-46A3-9806-5B0B370F7FFE}.Release|Any CPU.ActiveCfg = Release|Any CPU
		{F73E2C94-516D-46A3-9806-5B0B370F7FFE}.Release|Any CPU.Build.0 = Release|Any CPU
		{AD65B574-BF18-4826-82AF-C8377C9AEB7D}.Debug|Any CPU.ActiveCfg = Debug|Any CPU
		{AD65B574-BF18-4826-82AF-C8377C9AEB7D}.Debug|Any CPU.Build.0 = Debug|Any CPU
		{AD65B574-BF18-4826-82AF-C8377C9AEB7D}.Release|Any CPU.ActiveCfg = Release|Any CPU
		{AD65B574-BF18-4826-82AF-C8377C9AEB7D}.Release|Any CPU.Build.0 = Release|Any CPU
	EndGlobalSection
	GlobalSection(NestedProjects) = preSolution
		{B7D091DF-AACF-4A9D-9371-3E247D29299D} = {6E26EB58-F44D-4423-A06C-B6784D3928F6}
		{1A2436E5-616A-45F4-BDF3-F0A1DA70B0F5} = {6E26EB58-F44D-4423-A06C-B6784D3928F6}
		{A51E5D9F-A149-4913-8DA0-0596CF51197C} = {746E13D4-AB00-457B-AD12-23A6EF89E80E}
		{EDC00BC3-9793-4844-9696-955FDF99FBFE} = {746E13D4-AB00-457B-AD12-23A6EF89E80E}
		{F73E2C94-516D-46A3-9806-5B0B370F7FFE} = {746E13D4-AB00-457B-AD12-23A6EF89E80E}
		{AD65B574-BF18-4826-82AF-C8377C9AEB7D} = {02BB1097-435D-4E8A-96D8-35F2B1B4489E}
	EndGlobalSection
EndGlobal
