Microsoft Visual Studio Solution File, Format Version 12.00
# Visual Studio Version 17
VisualStudioVersion = 17.5.2.0
MinimumVisualStudioVersion = 10.0.40219.1
Project("{FAE04EC0-301F-11D3-BF4B-00C04F79EFBC}") = "ProducerConsumerRssFeeds", "ProducerConsumerRssFeeds.csproj", "{1ACE70AF-B94E-DD4B-91D2-FE93F7F3420D}"
EndProject
Global
	GlobalSection(SolutionConfigurationPlatforms) = preSolution
		Debug|Any CPU = Debug|Any CPU
		Release|Any CPU = Release|Any CPU
	EndGlobalSection
	GlobalSection(ProjectConfigurationPlatforms) = postSolution
		{1ACE70AF-B94E-DD4B-91D2-FE93F7F3420D}.Debug|Any CPU.ActiveCfg = Debug|Any CPU
		{1ACE70AF-B94E-DD4B-91D2-FE93F7F3420D}.Debug|Any CPU.Build.0 = Debug|Any CPU
		{1ACE70AF-B94E-DD4B-91D2-FE93F7F3420D}.Release|Any CPU.ActiveCfg = Release|Any CPU
		{1ACE70AF-B94E-DD4B-91D2-FE93F7F3420D}.Release|Any CPU.Build.0 = Release|Any CPU
	EndGlobalSection
	GlobalSection(SolutionProperties) = preSolution
		HideSolutionNode = FALSE
	EndGlobalSection
	GlobalSection(ExtensibilityGlobals) = postSolution
		SolutionGuid = {31DE468D-64CE-476D-9169-406BB83A36A3}
	EndGlobalSection
EndGlobal
